
Microsoft Visual Studio Solution File, Format Version 12.00
# Visual Studio Version 17
VisualStudioVersion = 17.9.34701.34
MinimumVisualStudioVersion = 10.0.40219.1
Project("{2150E333-8FDC-42A3-9474-1A3956D46DE8}") = "Backend", "Backend", "{0F55A553-D2FD-48E7-A144-58CDB3573A01}"
EndProject
Project("{2150E333-8FDC-42A3-9474-1A3956D46DE8}") = "Shared", "Shared", "{196D8AB1-95AA-40E9-89C7-E2A879D2492D}"
EndProject
Project("{2150E333-8FDC-42A3-9474-1A3956D46DE8}") = "Frontend", "Frontend", "{91541836-C170-4E55-B990-832D756023C4}"
EndProject
Project("{2150E333-8FDC-42A3-9474-1A3956D46DE8}") = "Desktop", "Desktop", "{C40974B4-8CDC-4A2C-A86E-40B85A474F7D}"
EndProject
Project("{2150E333-8FDC-42A3-9474-1A3956D46DE8}") = "Web", "Web", "{48F10475-96C5-4FC7-8148-1934069DAE47}"
EndProject
Project("{2150E333-8FDC-42A3-9474-1A3956D46DE8}") = "Mobile", "Mobile", "{9B1FBE8B-7ED2-448E-AD1C-B2B280FB19B4}"
EndProject
Project("{9A19103F-16F7-4668-BE54-9A1E7A4F7556}") = "PassMen.Backend", "Backend\PassMen.Backend\PassMen.Backend.csproj", "{D291F0A4-A9A7-441B-90C4-794969ECB946}"
EndProject
Project("{9A19103F-16F7-4668-BE54-9A1E7A4F7556}") = "PassMen.Protos", "Shared\PassMen.Protos\PassMen.Protos.csproj", "{BA57F84C-A41A-4AB4-80ED-073C7680670E}"
EndProject
Project("{9A19103F-16F7-4668-BE54-9A1E7A4F7556}") = "PassMen.Desktop", "Frontend\Desktop\PassMen.Desktop\PassMen.Desktop.csproj", "{DF27C9ED-3DD2-445F-986F-DFE4AE73866D}"
EndProject
Project("{9A19103F-16F7-4668-BE54-9A1E7A4F7556}") = "PassMen.Desktop.Desktop", "Frontend\Desktop\PassMen.Desktop.Desktop\PassMen.Desktop.Desktop.csproj", "{6C913513-6588-4B96-9E20-BA019C50F9C1}"
EndProject
Project("{FAE04EC0-301F-11D3-BF4B-00C04F79EFBC}") = "PassMen.Mobail.Android", "Frontend\Mobail\PassMen.Mobail\PassMen.Mobail.Android\PassMen.Mobail.Android.csproj", "{C581857A-6D45-4830-8847-97E34E957205}"
EndProject
Project("{FAE04EC0-301F-11D3-BF4B-00C04F79EFBC}") = "PassMen.Mobail.iOS", "Frontend\Mobail\PassMen.Mobail\PassMen.Mobail.iOS\PassMen.Mobail.iOS.csproj", "{648BDEA1-E1F2-43EB-976C-9B2673A1A300}"
EndProject
Project("{9A19103F-16F7-4668-BE54-9A1E7A4F7556}") = "PassMen.Mobail", "Frontend\Mobail\PassMen.Mobail\PassMen.Mobail\PassMen.Mobail.csproj", "{781A2747-A995-4A05-8FF0-2B6C4F036E5D}"
EndProject
Project("{FAE04EC0-301F-11D3-BF4B-00C04F79EFBC}") = "PassMen.Web", "PassMen.Web\PassMen.Web.csproj", "{A8563142-181A-4F51-82F0-A3662210D3BA}"
EndProject
Global
	GlobalSection(SolutionConfigurationPlatforms) = preSolution
		Debug|Any CPU = Debug|Any CPU
		Debug|iPhone = Debug|iPhone
		Debug|iPhoneSimulator = Debug|iPhoneSimulator
		Release|Any CPU = Release|Any CPU
		Release|iPhone = Release|iPhone
		Release|iPhoneSimulator = Release|iPhoneSimulator
	EndGlobalSection
	GlobalSection(ProjectConfigurationPlatforms) = postSolution
		{D291F0A4-A9A7-441B-90C4-794969ECB946}.Debug|Any CPU.ActiveCfg = Debug|Any CPU
		{D291F0A4-A9A7-441B-90C4-794969ECB946}.Debug|Any CPU.Build.0 = Debug|Any CPU
		{D291F0A4-A9A7-441B-90C4-794969ECB946}.Debug|iPhone.ActiveCfg = Debug|Any CPU
		{D291F0A4-A9A7-441B-90C4-794969ECB946}.Debug|iPhone.Build.0 = Debug|Any CPU
		{D291F0A4-A9A7-441B-90C4-794969ECB946}.Debug|iPhoneSimulator.ActiveCfg = Debug|Any CPU
		{D291F0A4-A9A7-441B-90C4-794969ECB946}.Debug|iPhoneSimulator.Build.0 = Debug|Any CPU
		{D291F0A4-A9A7-441B-90C4-794969ECB946}.Release|Any CPU.ActiveCfg = Release|Any CPU
		{D291F0A4-A9A7-441B-90C4-794969ECB946}.Release|Any CPU.Build.0 = Release|Any CPU
		{D291F0A4-A9A7-441B-90C4-794969ECB946}.Release|iPhone.ActiveCfg = Release|Any CPU
		{D291F0A4-A9A7-441B-90C4-794969ECB946}.Release|iPhone.Build.0 = Release|Any CPU
		{D291F0A4-A9A7-441B-90C4-794969ECB946}.Release|iPhoneSimulator.ActiveCfg = Release|Any CPU
		{D291F0A4-A9A7-441B-90C4-794969ECB946}.Release|iPhoneSimulator.Build.0 = Release|Any CPU
		{BA57F84C-A41A-4AB4-80ED-073C7680670E}.Debug|Any CPU.ActiveCfg = Debug|Any CPU
		{BA57F84C-A41A-4AB4-80ED-073C7680670E}.Debug|Any CPU.Build.0 = Debug|Any CPU
		{BA57F84C-A41A-4AB4-80ED-073C7680670E}.Debug|iPhone.ActiveCfg = Debug|Any CPU
		{BA57F84C-A41A-4AB4-80ED-073C7680670E}.Debug|iPhone.Build.0 = Debug|Any CPU
		{BA57F84C-A41A-4AB4-80ED-073C7680670E}.Debug|iPhoneSimulator.ActiveCfg = Debug|Any CPU
		{BA57F84C-A41A-4AB4-80ED-073C7680670E}.Debug|iPhoneSimulator.Build.0 = Debug|Any CPU
		{BA57F84C-A41A-4AB4-80ED-073C7680670E}.Release|Any CPU.ActiveCfg = Release|Any CPU
		{BA57F84C-A41A-4AB4-80ED-073C7680670E}.Release|Any CPU.Build.0 = Release|Any CPU
		{BA57F84C-A41A-4AB4-80ED-073C7680670E}.Release|iPhone.ActiveCfg = Release|Any CPU
		{BA57F84C-A41A-4AB4-80ED-073C7680670E}.Release|iPhone.Build.0 = Release|Any CPU
		{BA57F84C-A41A-4AB4-80ED-073C7680670E}.Release|iPhoneSimulator.ActiveCfg = Release|Any CPU
		{BA57F84C-A41A-4AB4-80ED-073C7680670E}.Release|iPhoneSimulator.Build.0 = Release|Any CPU
		{DF27C9ED-3DD2-445F-986F-DFE4AE73866D}.Debug|Any CPU.ActiveCfg = Debug|Any CPU
		{DF27C9ED-3DD2-445F-986F-DFE4AE73866D}.Debug|Any CPU.Build.0 = Debug|Any CPU
		{DF27C9ED-3DD2-445F-986F-DFE4AE73866D}.Debug|iPhone.ActiveCfg = Debug|Any CPU
		{DF27C9ED-3DD2-445F-986F-DFE4AE73866D}.Debug|iPhone.Build.0 = Debug|Any CPU
		{DF27C9ED-3DD2-445F-986F-DFE4AE73866D}.Debug|iPhoneSimulator.ActiveCfg = Debug|Any CPU
		{DF27C9ED-3DD2-445F-986F-DFE4AE73866D}.Debug|iPhoneSimulator.Build.0 = Debug|Any CPU
		{DF27C9ED-3DD2-445F-986F-DFE4AE73866D}.Release|Any CPU.ActiveCfg = Release|Any CPU
		{DF27C9ED-3DD2-445F-986F-DFE4AE73866D}.Release|Any CPU.Build.0 = Release|Any CPU
		{DF27C9ED-3DD2-445F-986F-DFE4AE73866D}.Release|iPhone.ActiveCfg = Release|Any CPU
		{DF27C9ED-3DD2-445F-986F-DFE4AE73866D}.Release|iPhone.Build.0 = Release|Any CPU
		{DF27C9ED-3DD2-445F-986F-DFE4AE73866D}.Release|iPhoneSimulator.ActiveCfg = Release|Any CPU
		{DF27C9ED-3DD2-445F-986F-DFE4AE73866D}.Release|iPhoneSimulator.Build.0 = Release|Any CPU
		{6C913513-6588-4B96-9E20-BA019C50F9C1}.Debug|Any CPU.ActiveCfg = Debug|Any CPU
		{6C913513-6588-4B96-9E20-BA019C50F9C1}.Debug|Any CPU.Build.0 = Debug|Any CPU
		{6C913513-6588-4B96-9E20-BA019C50F9C1}.Debug|iPhone.ActiveCfg = Debug|Any CPU
		{6C913513-6588-4B96-9E20-BA019C50F9C1}.Debug|iPhone.Build.0 = Debug|Any CPU
		{6C913513-6588-4B96-9E20-BA019C50F9C1}.Debug|iPhoneSimulator.ActiveCfg = Debug|Any CPU
		{6C913513-6588-4B96-9E20-BA019C50F9C1}.Debug|iPhoneSimulator.Build.0 = Debug|Any CPU
		{6C913513-6588-4B96-9E20-BA019C50F9C1}.Release|Any CPU.ActiveCfg = Release|Any CPU
		{6C913513-6588-4B96-9E20-BA019C50F9C1}.Release|Any CPU.Build.0 = Release|Any CPU
		{6C913513-6588-4B96-9E20-BA019C50F9C1}.Release|iPhone.ActiveCfg = Release|Any CPU
		{6C913513-6588-4B96-9E20-BA019C50F9C1}.Release|iPhone.Build.0 = Release|Any CPU
		{6C913513-6588-4B96-9E20-BA019C50F9C1}.Release|iPhoneSimulator.ActiveCfg = Release|Any CPU
		{6C913513-6588-4B96-9E20-BA019C50F9C1}.Release|iPhoneSimulator.Build.0 = Release|Any CPU
		{C581857A-6D45-4830-8847-97E34E957205}.Debug|Any CPU.ActiveCfg = Debug|Any CPU
		{C581857A-6D45-4830-8847-97E34E957205}.Debug|Any CPU.Build.0 = Debug|Any CPU
		{C581857A-6D45-4830-8847-97E34E957205}.Debug|Any CPU.Deploy.0 = Debug|Any CPU
		{C581857A-6D45-4830-8847-97E34E957205}.Debug|iPhone.ActiveCfg = Debug|Any CPU
		{C581857A-6D45-4830-8847-97E34E957205}.Debug|iPhone.Build.0 = Debug|Any CPU
		{C581857A-6D45-4830-8847-97E34E957205}.Debug|iPhone.Deploy.0 = Debug|Any CPU
		{C581857A-6D45-4830-8847-97E34E957205}.Debug|iPhoneSimulator.ActiveCfg = Debug|Any CPU
		{C581857A-6D45-4830-8847-97E34E957205}.Debug|iPhoneSimulator.Build.0 = Debug|Any CPU
		{C581857A-6D45-4830-8847-97E34E957205}.Debug|iPhoneSimulator.Deploy.0 = Debug|Any CPU
		{C581857A-6D45-4830-8847-97E34E957205}.Release|Any CPU.ActiveCfg = Release|Any CPU
		{C581857A-6D45-4830-8847-97E34E957205}.Release|Any CPU.Build.0 = Release|Any CPU
		{C581857A-6D45-4830-8847-97E34E957205}.Release|Any CPU.Deploy.0 = Release|Any CPU
		{C581857A-6D45-4830-8847-97E34E957205}.Release|iPhone.ActiveCfg = Release|Any CPU
		{C581857A-6D45-4830-8847-97E34E957205}.Release|iPhone.Build.0 = Release|Any CPU
		{C581857A-6D45-4830-8847-97E34E957205}.Release|iPhone.Deploy.0 = Release|Any CPU
		{C581857A-6D45-4830-8847-97E34E957205}.Release|iPhoneSimulator.ActiveCfg = Release|Any CPU
		{C581857A-6D45-4830-8847-97E34E957205}.Release|iPhoneSimulator.Build.0 = Release|Any CPU
		{C581857A-6D45-4830-8847-97E34E957205}.Release|iPhoneSimulator.Deploy.0 = Release|Any CPU
		{648BDEA1-E1F2-43EB-976C-9B2673A1A300}.Debug|Any CPU.ActiveCfg = Debug|iPhoneSimulator
		{648BDEA1-E1F2-43EB-976C-9B2673A1A300}.Debug|Any CPU.Build.0 = Debug|iPhoneSimulator
		{648BDEA1-E1F2-43EB-976C-9B2673A1A300}.Debug|iPhone.ActiveCfg = Debug|iPhone
		{648BDEA1-E1F2-43EB-976C-9B2673A1A300}.Debug|iPhone.Build.0 = Debug|iPhone
		{648BDEA1-E1F2-43EB-976C-9B2673A1A300}.Debug|iPhoneSimulator.ActiveCfg = Debug|iPhoneSimulator
		{648BDEA1-E1F2-43EB-976C-9B2673A1A300}.Debug|iPhoneSimulator.Build.0 = Debug|iPhoneSimulator
		{648BDEA1-E1F2-43EB-976C-9B2673A1A300}.Release|Any CPU.ActiveCfg = Release|iPhoneSimulator
		{648BDEA1-E1F2-43EB-976C-9B2673A1A300}.Release|Any CPU.Build.0 = Release|iPhoneSimulator
		{648BDEA1-E1F2-43EB-976C-9B2673A1A300}.Release|iPhone.ActiveCfg = Release|iPhone
		{648BDEA1-E1F2-43EB-976C-9B2673A1A300}.Release|iPhone.Build.0 = Release|iPhone
		{648BDEA1-E1F2-43EB-976C-9B2673A1A300}.Release|iPhoneSimulator.ActiveCfg = Release|iPhoneSimulator
		{648BDEA1-E1F2-43EB-976C-9B2673A1A300}.Release|iPhoneSimulator.Build.0 = Release|iPhoneSimulator
		{781A2747-A995-4A05-8FF0-2B6C4F036E5D}.Debug|Any CPU.ActiveCfg = Debug|Any CPU
		{781A2747-A995-4A05-8FF0-2B6C4F036E5D}.Debug|Any CPU.Build.0 = Debug|Any CPU
		{781A2747-A995-4A05-8FF0-2B6C4F036E5D}.Debug|iPhone.ActiveCfg = Debug|Any CPU
		{781A2747-A995-4A05-8FF0-2B6C4F036E5D}.Debug|iPhone.Build.0 = Debug|Any CPU
		{781A2747-A995-4A05-8FF0-2B6C4F036E5D}.Debug|iPhoneSimulator.ActiveCfg = Debug|Any CPU
		{781A2747-A995-4A05-8FF0-2B6C4F036E5D}.Debug|iPhoneSimulator.Build.0 = Debug|Any CPU
		{781A2747-A995-4A05-8FF0-2B6C4F036E5D}.Release|Any CPU.ActiveCfg = Release|Any CPU
		{781A2747-A995-4A05-8FF0-2B6C4F036E5D}.Release|Any CPU.Build.0 = Release|Any CPU
		{781A2747-A995-4A05-8FF0-2B6C4F036E5D}.Release|iPhone.ActiveCfg = Release|Any CPU
		{781A2747-A995-4A05-8FF0-2B6C4F036E5D}.Release|iPhone.Build.0 = Release|Any CPU
		{781A2747-A995-4A05-8FF0-2B6C4F036E5D}.Release|iPhoneSimulator.ActiveCfg = Release|Any CPU
		{781A2747-A995-4A05-8FF0-2B6C4F036E5D}.Release|iPhoneSimulator.Build.0 = Release|Any CPU
		{A8563142-181A-4F51-82F0-A3662210D3BA}.Debug|Any CPU.ActiveCfg = Debug|Any CPU
		{A8563142-181A-4F51-82F0-A3662210D3BA}.Debug|Any CPU.Build.0 = Debug|Any CPU
		{A8563142-181A-4F51-82F0-A3662210D3BA}.Debug|iPhone.ActiveCfg = Debug|Any CPU
		{A8563142-181A-4F51-82F0-A3662210D3BA}.Debug|iPhone.Build.0 = Debug|Any CPU
		{A8563142-181A-4F51-82F0-A3662210D3BA}.Debug|iPhoneSimulator.ActiveCfg = Debug|Any CPU
		{A8563142-181A-4F51-82F0-A3662210D3BA}.Debug|iPhoneSimulator.Build.0 = Debug|Any CPU
		{A8563142-181A-4F51-82F0-A3662210D3BA}.Release|Any CPU.ActiveCfg = Release|Any CPU
		{A8563142-181A-4F51-82F0-A3662210D3BA}.Release|Any CPU.Build.0 = Release|Any CPU
		{A8563142-181A-4F51-82F0-A3662210D3BA}.Release|iPhone.ActiveCfg = Release|Any CPU
		{A8563142-181A-4F51-82F0-A3662210D3BA}.Release|iPhone.Build.0 = Release|Any CPU
		{A8563142-181A-4F51-82F0-A3662210D3BA}.Release|iPhoneSimulator.ActiveCfg = Release|Any CPU
		{A8563142-181A-4F51-82F0-A3662210D3BA}.Release|iPhoneSimulator.Build.0 = Release|Any CPU
	EndGlobalSection
	GlobalSection(SolutionProperties) = preSolution
		HideSolutionNode = FALSE
	EndGlobalSection
	GlobalSection(NestedProjects) = preSolution
		{C40974B4-8CDC-4A2C-A86E-40B85A474F7D} = {91541836-C170-4E55-B990-832D756023C4}
		{48F10475-96C5-4FC7-8148-1934069DAE47} = {91541836-C170-4E55-B990-832D756023C4}
		{9B1FBE8B-7ED2-448E-AD1C-B2B280FB19B4} = {91541836-C170-4E55-B990-832D756023C4}
		{D291F0A4-A9A7-441B-90C4-794969ECB946} = {0F55A553-D2FD-48E7-A144-58CDB3573A01}
		{BA57F84C-A41A-4AB4-80ED-073C7680670E} = {196D8AB1-95AA-40E9-89C7-E2A879D2492D}
		{DF27C9ED-3DD2-445F-986F-DFE4AE73866D} = {C40974B4-8CDC-4A2C-A86E-40B85A474F7D}
		{6C913513-6588-4B96-9E20-BA019C50F9C1} = {C40974B4-8CDC-4A2C-A86E-40B85A474F7D}
		{C581857A-6D45-4830-8847-97E34E957205} = {9B1FBE8B-7ED2-448E-AD1C-B2B280FB19B4}
		{648BDEA1-E1F2-43EB-976C-9B2673A1A300} = {9B1FBE8B-7ED2-448E-AD1C-B2B280FB19B4}
		{781A2747-A995-4A05-8FF0-2B6C4F036E5D} = {9B1FBE8B-7ED2-448E-AD1C-B2B280FB19B4}
		{A8563142-181A-4F51-82F0-A3662210D3BA} = {48F10475-96C5-4FC7-8148-1934069DAE47}
	EndGlobalSection
	GlobalSection(ExtensibilityGlobals) = postSolution
		SolutionGuid = {5F62EF92-0533-4740-B0D5-0C6AC2173328}
	EndGlobalSection
EndGlobal
